
Microsoft Visual Studio Solution File, Format Version 12.00
# Visual Studio Version 17
VisualStudioVersion = 17.2.32516.85
MinimumVisualStudioVersion = 10.0.40219.1
Project("{9A19103F-16F7-4668-BE54-9A1E7A4F7556}") = "L12082022", "L12082022.csproj", "{FDEFFA02-7172-4201-9564-5CBF4ECC9B10}"
EndProject
Global
	GlobalSection(SolutionConfigurationPlatforms) = preSolution
		Debug|Any CPU = Debug|Any CPU
		Release|Any CPU = Release|Any CPU
	EndGlobalSection
	GlobalSection(ProjectConfigurationPlatforms) = postSolution
		{FDEFFA02-7172-4201-9564-5CBF4ECC9B10}.Debug|Any CPU.ActiveCfg = Debug|Any CPU
		{FDEFFA02-7172-4201-9564-5CBF4ECC9B10}.Debug|Any CPU.Build.0 = Debug|Any CPU
		{FDEFFA02-7172-4201-9564-5CBF4ECC9B10}.Release|Any CPU.ActiveCfg = Release|Any CPU
		{FDEFFA02-7172-4201-9564-5CBF4ECC9B10}.Release|Any CPU.Build.0 = Release|Any CPU
	EndGlobalSection
	GlobalSection(SolutionProperties) = preSolution
		HideSolutionNode = FALSE
	EndGlobalSection
	GlobalSection(ExtensibilityGlobals) = postSolution
		SolutionGuid = {D3455062-6DB4-4731-8942-A3772A99B0C3}
	EndGlobalSection
EndGlobal
